
Microsoft Visual Studio Solution File, Format Version 12.00
# Visual Studio Version 16
VisualStudioVersion = 16.0.31410.357
MinimumVisualStudioVersion = 10.0.40219.1
Project("{FAE04EC0-301F-11D3-BF4B-00C04F79EFBC}") = "PostgreSQLControlApp", "PostgreSQLControlApp\PostgreSQLControlApp.csproj", "{D13CBB10-9AA0-4B1E-807F-12C658F0DF5D}"
EndProject
Global
	GlobalSection(SolutionConfigurationPlatforms) = preSolution
		Debug|Any CPU = Debug|Any CPU
		Release|Any CPU = Release|Any CPU
	EndGlobalSection
	GlobalSection(ProjectConfigurationPlatforms) = postSolution
		{D13CBB10-9AA0-4B1E-807F-12C658F0DF5D}.Debug|Any CPU.ActiveCfg = Debug|Any CPU
		{D13CBB10-9AA0-4B1E-807F-12C658F0DF5D}.Debug|Any CPU.Build.0 = Debug|Any CPU
		{D13CBB10-9AA0-4B1E-807F-12C658F0DF5D}.Release|Any CPU.ActiveCfg = Release|Any CPU
		{D13CBB10-9AA0-4B1E-807F-12C658F0DF5D}.Release|Any CPU.Build.0 = Release|Any CPU
	EndGlobalSection
	GlobalSection(SolutionProperties) = preSolution
		HideSolutionNode = FALSE
	EndGlobalSection
	GlobalSection(ExtensibilityGlobals) = postSolution
		SolutionGuid = {CCCF66CA-D9DE-4A72-AEA7-B2C409D83B14}
	EndGlobalSection
EndGlobal
